
Microsoft Visual Studio Solution File, Format Version 12.00
# Visual Studio Version 16
VisualStudioVersion = 16.0.31112.23
MinimumVisualStudioVersion = 10.0.40219.1
Project("{FAE04EC0-301F-11D3-BF4B-00C04F79EFBC}") = "EX3A_Encryption", "EX3A_Encryption.csproj", "{EBD90B74-4835-4242-8BE8-2E6140F067ED}"
EndProject
Global
	GlobalSection(SolutionConfigurationPlatforms) = preSolution
		Debug|Any CPU = Debug|Any CPU
		Release|Any CPU = Release|Any CPU
	EndGlobalSection
	GlobalSection(ProjectConfigurationPlatforms) = postSolution
		{EBD90B74-4835-4242-8BE8-2E6140F067ED}.Debug|Any CPU.ActiveCfg = Debug|Any CPU
		{EBD90B74-4835-4242-8BE8-2E6140F067ED}.Debug|Any CPU.Build.0 = Debug|Any CPU
		{EBD90B74-4835-4242-8BE8-2E6140F067ED}.Release|Any CPU.ActiveCfg = Release|Any CPU
		{EBD90B74-4835-4242-8BE8-2E6140F067ED}.Release|Any CPU.Build.0 = Release|Any CPU
	EndGlobalSection
	GlobalSection(SolutionProperties) = preSolution
		HideSolutionNode = FALSE
	EndGlobalSection
	GlobalSection(ExtensibilityGlobals) = postSolution
		SolutionGuid = {96ED46FA-217D-486A-AED7-B04A0F1EAC06}
	EndGlobalSection
EndGlobal
